// !$*UTF8*$!
{
	archiveVersion = 1;
	classes = {
	};
	objectVersion = 50;
	objects = {

/* Begin PBXBuildFile section */
		3E4B71D022A90AFC00172535 /* AppDelegate.swift in Sources */ = {isa = PBXBuildFile; fileRef = 3E4B71CF22A90AFC00172535 /* AppDelegate.swift */; };
		3E4B71D222A90AFC00172535 /* ViewController.swift in Sources */ = {isa = PBXBuildFile; fileRef = 3E4B71D122A90AFC00172535 /* ViewController.swift */; };
		3E4B71D522A90AFC00172535 /* Main.storyboard in Resources */ = {isa = PBXBuildFile; fileRef = 3E4B71D322A90AFC00172535 /* Main.storyboard */; };
		3E4B71D722A90AFD00172535 /* Assets.xcassets in Resources */ = {isa = PBXBuildFile; fileRef = 3E4B71D622A90AFD00172535 /* Assets.xcassets */; };
		3E4B71DA22A90AFD00172535 /* LaunchScreen.storyboard in Resources */ = {isa = PBXBuildFile; fileRef = 3E4B71D822A90AFD00172535 /* LaunchScreen.storyboard */; };
		3E7D566922AE57580014DB49 /* ChartViewController.swift in Sources */ = {isa = PBXBuildFile; fileRef = 3E7D566822AE57580014DB49 /* ChartViewController.swift */; };
		3ED7FEC622AA0EC000A2C190 /* trend_2201.json in Resources */ = {isa = PBXBuildFile; fileRef = 3ED7FEC522AA0EBF00A2C190 /* trend_2201.json */; };
		3ED7FEC822AA103700A2C190 /* TrendModel.swift in Sources */ = {isa = PBXBuildFile; fileRef = 3ED7FEC722AA103700A2C190 /* TrendModel.swift */; };
		3ED7FECA22AA10DF00A2C190 /* DataManager.swift in Sources */ = {isa = PBXBuildFile; fileRef = 3ED7FEC922AA10DF00A2C190 /* DataManager.swift */; };
		548AE40FF0BCA1F43063326B /* Pods_Mitake_Assignment.framework in Frameworks */ = {isa = PBXBuildFile; fileRef = B229346DDC814AAC2B2BFCDB /* Pods_Mitake_Assignment.framework */; };
/* End PBXBuildFile section */

/* Begin PBXFileReference section */
		3E4B71CC22A90AFC00172535 /* Mitake Assignment.app */ = {isa = PBXFileReference; explicitFileType = wrapper.application; includeInIndex = 0; path = "Mitake Assignment.app"; sourceTree = BUILT_PRODUCTS_DIR; };
		3E4B71CF22A90AFC00172535 /* AppDelegate.swift */ = {isa = PBXFileReference; lastKnownFileType = sourcecode.swift; path = AppDelegate.swift; sourceTree = "<group>"; };
		3E4B71D122A90AFC00172535 /* ViewController.swift */ = {isa = PBXFileReference; lastKnownFileType = sourcecode.swift; path = ViewController.swift; sourceTree = "<group>"; };
		3E4B71D422A90AFC00172535 /* Base */ = {isa = PBXFileReference; lastKnownFileType = file.storyboard; name = Base; path = Base.lproj/Main.storyboard; sourceTree = "<group>"; };
		3E4B71D622A90AFD00172535 /* Assets.xcassets */ = {isa = PBXFileReference; lastKnownFileType = folder.assetcatalog; path = Assets.xcassets; sourceTree = "<group>"; };
		3E4B71D922A90AFD00172535 /* Base */ = {isa = PBXFileReference; lastKnownFileType = file.storyboard; name = Base; path = Base.lproj/LaunchScreen.storyboard; sourceTree = "<group>"; };
		3E4B71DB22A90AFD00172535 /* Info.plist */ = {isa = PBXFileReference; lastKnownFileType = text.plist.xml; path = Info.plist; sourceTree = "<group>"; };
		3E7D566822AE57580014DB49 /* ChartViewController.swift */ = {isa = PBXFileReference; lastKnownFileType = sourcecode.swift; path = ChartViewController.swift; sourceTree = "<group>"; };
		3ED7FEC522AA0EBF00A2C190 /* trend_2201.json */ = {isa = PBXFileReference; fileEncoding = 4; lastKnownFileType = text.json; path = trend_2201.json; sourceTree = "<group>"; };
		3ED7FEC722AA103700A2C190 /* TrendModel.swift */ = {isa = PBXFileReference; lastKnownFileType = sourcecode.swift; path = TrendModel.swift; sourceTree = "<group>"; };
		3ED7FEC922AA10DF00A2C190 /* DataManager.swift */ = {isa = PBXFileReference; lastKnownFileType = sourcecode.swift; path = DataManager.swift; sourceTree = "<group>"; };
		B229346DDC814AAC2B2BFCDB /* Pods_Mitake_Assignment.framework */ = {isa = PBXFileReference; explicitFileType = wrapper.framework; includeInIndex = 0; path = Pods_Mitake_Assignment.framework; sourceTree = BUILT_PRODUCTS_DIR; };
		BB6D8EA332751D7C1BA4F2FF /* Pods-Mitake Assignment.release.xcconfig */ = {isa = PBXFileReference; includeInIndex = 1; lastKnownFileType = text.xcconfig; name = "Pods-Mitake Assignment.release.xcconfig"; path = "Target Support Files/Pods-Mitake Assignment/Pods-Mitake Assignment.release.xcconfig"; sourceTree = "<group>"; };
		E6DDB7540CB98786205A6481 /* Pods-Mitake Assignment.debug.xcconfig */ = {isa = PBXFileReference; includeInIndex = 1; lastKnownFileType = text.xcconfig; name = "Pods-Mitake Assignment.debug.xcconfig"; path = "Target Support Files/Pods-Mitake Assignment/Pods-Mitake Assignment.debug.xcconfig"; sourceTree = "<group>"; };
/* End PBXFileReference section */

/* Begin PBXFrameworksBuildPhase section */
		3E4B71C922A90AFC00172535 /* Frameworks */ = {
			isa = PBXFrameworksBuildPhase;
			buildActionMask = 2147483647;
			files = (
				548AE40FF0BCA1F43063326B /* Pods_Mitake_Assignment.framework in Frameworks */,
			);
			runOnlyForDeploymentPostprocessing = 0;
		};
/* End PBXFrameworksBuildPhase section */

/* Begin PBXGroup section */
		3610BAC6E2B3A040379C0B8E /* Frameworks */ = {
			isa = PBXGroup;
			children = (
				B229346DDC814AAC2B2BFCDB /* Pods_Mitake_Assignment.framework */,
			);
			name = Frameworks;
			sourceTree = "<group>";
		};
		3E4B71C322A90AFC00172535 = {
			isa = PBXGroup;
			children = (
				3E4B71CE22A90AFC00172535 /* Mitake Assignment */,
				3E4B71CD22A90AFC00172535 /* Products */,
				E222CE8F14AC4F98D9D70757 /* Pods */,
				3610BAC6E2B3A040379C0B8E /* Frameworks */,
			);
			sourceTree = "<group>";
		};
		3E4B71CD22A90AFC00172535 /* Products */ = {
			isa = PBXGroup;
			children = (
				3E4B71CC22A90AFC00172535 /* Mitake Assignment.app */,
			);
			name = Products;
			sourceTree = "<group>";
		};
		3E4B71CE22A90AFC00172535 /* Mitake Assignment */ = {
			isa = PBXGroup;
			children = (
				3E4B71CF22A90AFC00172535 /* AppDelegate.swift */,
				3E4B71D122A90AFC00172535 /* ViewController.swift */,
				3E4B71D322A90AFC00172535 /* Main.storyboard */,
				3ED7FEC522AA0EBF00A2C190 /* trend_2201.json */,
				3E4B71D622A90AFD00172535 /* Assets.xcassets */,
				3E4B71D822A90AFD00172535 /* LaunchScreen.storyboard */,
				3E4B71DB22A90AFD00172535 /* Info.plist */,
				3ED7FEC722AA103700A2C190 /* TrendModel.swift */,
				3ED7FEC922AA10DF00A2C190 /* DataManager.swift */,
				3E7D566822AE57580014DB49 /* ChartViewController.swift */,
			);
			path = "Mitake Assignment";
			sourceTree = "<group>";
		};
		E222CE8F14AC4F98D9D70757 /* Pods */ = {
			isa = PBXGroup;
			children = (
				E6DDB7540CB98786205A6481 /* Pods-Mitake Assignment.debug.xcconfig */,
				BB6D8EA332751D7C1BA4F2FF /* Pods-Mitake Assignment.release.xcconfig */,
			);
			path = Pods;
			sourceTree = "<group>";
		};
/* End PBXGroup section */

/* Begin PBXNativeTarget section */
		3E4B71CB22A90AFC00172535 /* Mitake Assignment */ = {
			isa = PBXNativeTarget;
			buildConfigurationList = 3E4B71DE22A90AFD00172535 /* Build configuration list for PBXNativeTarget "Mitake Assignment" */;
			buildPhases = (
				ABCED03B70EA036A0012CE57 /* [CP] Check Pods Manifest.lock */,
				3E4B71C822A90AFC00172535 /* Sources */,
				3E4B71C922A90AFC00172535 /* Frameworks */,
				3E4B71CA22A90AFC00172535 /* Resources */,
			);
			buildRules = (
			);
			dependencies = (
			);
			name = "Mitake Assignment";
			productName = "Mitake Assignment";
			productReference = 3E4B71CC22A90AFC00172535 /* Mitake Assignment.app */;
			productType = "com.apple.product-type.application";
		};
/* End PBXNativeTarget section */

/* Begin PBXProject section */
		3E4B71C422A90AFC00172535 /* Project object */ = {
			isa = PBXProject;
			attributes = {
				LastSwiftUpdateCheck = 1010;
				LastUpgradeCheck = 1010;
				ORGANIZATIONNAME = yeinting;
				TargetAttributes = {
					3E4B71CB22A90AFC00172535 = {
						CreatedOnToolsVersion = 10.1;
					};
				};
			};
			buildConfigurationList = 3E4B71C722A90AFC00172535 /* Build configuration list for PBXProject "Mitake Assignment" */;
			compatibilityVersion = "Xcode 9.3";
			developmentRegion = en;
			hasScannedForEncodings = 0;
			knownRegions = (
				en,
				Base,
			);
			mainGroup = 3E4B71C322A90AFC00172535;
			productRefGroup = 3E4B71CD22A90AFC00172535 /* Products */;
			projectDirPath = "";
			projectRoot = "";
			targets = (
				3E4B71CB22A90AFC00172535 /* Mitake Assignment */,
			);
		};
/* End PBXProject section */

/* Begin PBXResourcesBuildPhase section */
		3E4B71CA22A90AFC00172535 /* Resources */ = {
			isa = PBXResourcesBuildPhase;
			buildActionMask = 2147483647;
			files = (
				3ED7FEC622AA0EC000A2C190 /* trend_2201.json in Resources */,
				3E4B71DA22A90AFD00172535 /* LaunchScreen.storyboard in Resources */,
				3E4B71D722A90AFD00172535 /* Assets.xcassets in Resources */,
				3E4B71D522A90AFC00172535 /* Main.storyboard in Resources */,
			);
			runOnlyForDeploymentPostprocessing = 0;
		};
/* End PBXResourcesBuildPhase section */

/* Begin PBXShellScriptBuildPhase section */
		ABCED03B70EA036A0012CE57 /* [CP] Check Pods Manifest.lock */ = {
			isa = PBXShellScriptBuildPhase;
			buildActionMask = 2147483647;
			files = (
			);
			inputFileListPaths = (
			);
			inputPaths = (
				"${PODS_PODFILE_DIR_PATH}/Podfile.lock",
				"${PODS_ROOT}/Manifest.lock",
			);
			name = "[CP] Check Pods Manifest.lock";
			outputFileListPaths = (
			);
			outputPaths = (
				"$(DERIVED_FILE_DIR)/Pods-Mitake Assignment-checkManifestLockResult.txt",
			);
			runOnlyForDeploymentPostprocessing = 0;
			shellPath = /bin/sh;
			shellScript = "diff \"${PODS_PODFILE_DIR_PATH}/Podfile.lock\" \"${PODS_ROOT}/Manifest.lock\" > /dev/null\nif [ $? != 0 ] ; then\n    # print error to STDERR\n    echo \"error: The sandbox is not in sync with the Podfile.lock. Run 'pod install' or update your CocoaPods installation.\" >&2\n    exit 1\nfi\n# This output is used by Xcode 'outputs' to avoid re-running this script phase.\necho \"SUCCESS\" > \"${SCRIPT_OUTPUT_FILE_0}\"\n";
			showEnvVarsInLog = 0;
		};
/* End PBXShellScriptBuildPhase section */

/* Begin PBXSourcesBuildPhase section */
		3E4B71C822A90AFC00172535 /* Sources */ = {
			isa = PBXSourcesBuildPhase;
			buildActionMask = 2147483647;
			files = (
				3ED7FEC822AA103700A2C190 /* TrendModel.swift in Sources */,
				3ED7FECA22AA10DF00A2C190 /* DataManager.swift in Sources */,
				3E4B71D222A90AFC00172535 /* ViewController.swift in Sources */,
				3E4B71D022A90AFC00172535 /* AppDelegate.swift in Sources */,
				3E7D566922AE57580014DB49 /* ChartViewController.swift in Sources */,
			);
			runOnlyForDeploymentPostprocessing = 0;
		};
/* End PBXSourcesBuildPhase section */

/* Begin PBXVariantGroup section */
		3E4B71D322A90AFC00172535 /* Main.storyboard */ = {
			isa = PBXVariantGroup;
			children = (
				3E4B71D422A90AFC00172535 /* Base */,
			);
			name = Main.storyboard;
			sourceTree = "<group>";
		};
		3E4B71D822A90AFD00172535 /* LaunchScreen.storyboard */ = {
			isa = PBXVariantGroup;
			children = (
				3E4B71D922A90AFD00172535 /* Base */,
			);
			name = LaunchScreen.storyboard;
			sourceTree = "<group>";
		};
/* End PBXVariantGroup section */

/* Begin XCBuildConfiguration section */
		3E4B71DC22A90AFD00172535 /* Debug */ = {
			isa = XCBuildConfiguration;
			buildSettings = {
				ALWAYS_SEARCH_USER_PATHS = NO;
				CLANG_ANALYZER_NONNULL = YES;
				CLANG_ANALYZER_NUMBER_OBJECT_CONVERSION = YES_AGGRESSIVE;
				CLANG_CXX_LANGUAGE_STANDARD = "gnu++14";
				CLANG_CXX_LIBRARY = "libc++";
				CLANG_ENABLE_MODULES = YES;
				CLANG_ENABLE_OBJC_ARC = YES;
				CLANG_ENABLE_OBJC_WEAK = YES;
				CLANG_WARN_BLOCK_CAPTURE_AUTORELEASING = YES;
				CLANG_WARN_BOOL_CONVERSION = YES;
				CLANG_WARN_COMMA = YES;
				CLANG_WARN_CONSTANT_CONVERSION = YES;
				CLANG_WARN_DEPRECATED_OBJC_IMPLEMENTATIONS = YES;
				CLANG_WARN_DIRECT_OBJC_ISA_USAGE = YES_ERROR;
				CLANG_WARN_DOCUMENTATION_COMMENTS = YES;
				CLANG_WARN_EMPTY_BODY = YES;
				CLANG_WARN_ENUM_CONVERSION = YES;
				CLANG_WARN_INFINITE_RECURSION = YES;
				CLANG_WARN_INT_CONVERSION = YES;
				CLANG_WARN_NON_LITERAL_NULL_CONVERSION = YES;
				CLANG_WARN_OBJC_IMPLICIT_RETAIN_SELF = YES;
				CLANG_WARN_OBJC_LITERAL_CONVERSION = YES;
				CLANG_WARN_OBJC_ROOT_CLASS = YES_ERROR;
				CLANG_WARN_RANGE_LOOP_ANALYSIS = YES;
				CLANG_WARN_STRICT_PROTOTYPES = YES;
				CLANG_WARN_SUSPICIOUS_MOVE = YES;
				CLANG_WARN_UNGUARDED_AVAILABILITY = YES_AGGRESSIVE;
				CLANG_WARN_UNREACHABLE_CODE = YES;
				CLANG_WARN__DUPLICATE_METHOD_MATCH = YES;
				CODE_SIGN_IDENTITY = "iPhone Developer";
				COPY_PHASE_STRIP = NO;
				DEBUG_INFORMATION_FORMAT = dwarf;
				ENABLE_STRICT_OBJC_MSGSEND = YES;
				ENABLE_TESTABILITY = YES;
				GCC_C_LANGUAGE_STANDARD = gnu11;
				GCC_DYNAMIC_NO_PIC = NO;
				GCC_NO_COMMON_BLOCKS = YES;
				GCC_OPTIMIZATION_LEVEL = 0;
				GCC_PREPROCESSOR_DEFINITIONS = (
					"DEBUG=1",
					"$(inherited)",
				);
				GCC_WARN_64_TO_32_BIT_CONVERSION = YES;
				GCC_WARN_ABOUT_RETURN_TYPE = YES_ERROR;
				GCC_WARN_UNDECLARED_SELECTOR = YES;
				GCC_WARN_UNINITIALIZED_AUTOS = YES_AGGRESSIVE;
				GCC_WARN_UNUSED_FUNCTION = YES;
				GCC_WARN_UNUSED_VARIABLE = YES;
				IPHONEOS_DEPLOYMENT_TARGET = 12.1;
				MTL_ENABLE_DEBUG_INFO = INCLUDE_SOURCE;
				MTL_FAST_MATH = YES;
				ONLY_ACTIVE_ARCH = YES;
				SDKROOT = iphoneos;
				SWIFT_ACTIVE_COMPILATION_CONDITIONS = DEBUG;
				SWIFT_OPTIMIZATION_LEVEL = "-Onone";
			};
			name = Debug;
		};
		3E4B71DD22A90AFD00172535 /* Release */ = {
			isa = XCBuildConfiguration;
			buildSettings = {
				ALWAYS_SEARCH_USER_PATHS = NO;
				CLANG_ANALYZER_NONNULL = YES;
				CLANG_ANALYZER_NUMBER_OBJECT_CONVERSION = YES_AGGRESSIVE;
				CLANG_CXX_LANGUAGE_STANDARD = "gnu++14";
				CLANG_CXX_LIBRARY = "libc++";
				CLANG_ENABLE_MODULES = YES;
				CLANG_ENABLE_OBJC_ARC = YES;
				CLANG_ENABLE_OBJC_WEAK = YES;
				CLANG_WARN_BLOCK_CAPTURE_AUTORELEASING = YES;
				CLANG_WARN_BOOL_CONVERSION = YES;
				CLANG_WARN_COMMA = YES;
				CLANG_WARN_CONSTANT_CONVERSION = YES;
				CLANG_WARN_DEPRECATED_OBJC_IMPLEMENTATIONS = YES;
				CLANG_WARN_DIRECT_OBJC_ISA_USAGE = YES_ERROR;
				CLANG_WARN_DOCUMENTATION_COMMENTS = YES;
				CLANG_WARN_EMPTY_BODY = YES;
				CLANG_WARN_ENUM_CONVERSION = YES;
				CLANG_WARN_INFINITE_RECURSION = YES;
				CLANG_WARN_INT_CONVERSION = YES;
				CLANG_WARN_NON_LITERAL_NULL_CONVERSION = YES;
				CLANG_WARN_OBJC_IMPLICIT_RETAIN_SELF = YES;
				CLANG_WARN_OBJC_LITERAL_CONVERSION = YES;
				CLANG_WARN_OBJC_ROOT_CLASS = YES_ERROR;
				CLANG_WARN_RANGE_LOOP_ANALYSIS = YES;
				CLANG_WARN_STRICT_PROTOTYPES = YES;
				CLANG_WARN_SUSPICIOUS_MOVE = YES;
				CLANG_WARN_UNGUARDED_AVAILABILITY = YES_AGGRESSIVE;
				CLANG_WARN_UNREACHABLE_CODE = YES;
				CLANG_WARN__DUPLICATE_METHOD_MATCH = YES;
				CODE_SIGN_IDENTITY = "iPhone Developer";
				COPY_PHASE_STRIP = NO;
				DEBUG_INFORMATION_FORMAT = "dwarf-with-dsym";
				ENABLE_NS_ASSERTIONS = NO;
				ENABLE_STRICT_OBJC_MSGSEND = YES;
				GCC_C_LANGUAGE_STANDARD = gnu11;
				GCC_NO_COMMON_BLOCKS = YES;
				GCC_WARN_64_TO_32_BIT_CONVERSION = YES;
				GCC_WARN_ABOUT_RETURN_TYPE = YES_ERROR;
				GCC_WARN_UNDECLARED_SELECTOR = YES;
				GCC_WARN_UNINITIALIZED_AUTOS = YES_AGGRESSIVE;
				GCC_WARN_UNUSED_FUNCTION = YES;
				GCC_WARN_UNUSED_VARIABLE = YES;
				IPHONEOS_DEPLOYMENT_TARGET = 12.1;
				MTL_ENABLE_DEBUG_INFO = NO;
				MTL_FAST_MATH = YES;
				SDKROOT = iphoneos;
				SWIFT_COMPILATION_MODE = wholemodule;
				SWIFT_OPTIMIZATION_LEVEL = "-O";
				VALIDATE_PRODUCT = YES;
			};
			name = Release;
		};
		3E4B71DF22A90AFD00172535 /* Debug */ = {
			isa = XCBuildConfiguration;
			baseConfigurationReference = E6DDB7540CB98786205A6481 /* Pods-Mitake Assignment.debug.xcconfig */;
			buildSettings = {
				ASSETCATALOG_COMPILER_APPICON_NAME = AppIcon;
				CODE_SIGN_STYLE = Automatic;
				INFOPLIST_FILE = "Mitake Assignment/Info.plist";
				LD_RUNPATH_SEARCH_PATHS = (
					"$(inherited)",
					"@executable_path/Frameworks",
				);
				PRODUCT_BUNDLE_IDENTIFIER = "com.yeinting.Mitake-Assignment";
				PRODUCT_NAME = "$(TARGET_NAME)";
				SWIFT_VERSION = 4.2;
				TARGETED_DEVICE_FAMILY = "1,2";
			};
			name = Debug;
		};
		3E4B71E022A90AFD00172535 /* Release */ = {
			isa = XCBuildConfiguration;
			baseConfigurationReference = BB6D8EA332751D7C1BA4F2FF /* Pods-Mitake Assignment.release.xcconfig */;
			buildSettings = {
				ASSETCATALOG_COMPILER_APPICON_NAME = AppIcon;
				CODE_SIGN_STYLE = Automatic;
				INFOPLIST_FILE = "Mitake Assignment/Info.plist";
				LD_RUNPATH_SEARCH_PATHS = (
					"$(inherited)",
					"@executable_path/Frameworks",
				);
				PRODUCT_BUNDLE_IDENTIFIER = "com.yeinting.Mitake-Assignment";
				PRODUCT_NAME = "$(TARGET_NAME)";
				SWIFT_VERSION = 4.2;
				TARGETED_DEVICE_FAMILY = "1,2";
			};
			name = Release;
		};
/* End XCBuildConfiguration section */

/* Begin XCConfigurationList section */
		3E4B71C722A90AFC00172535 /* Build configuration list for PBXProject "Mitake Assignment" */ = {
			isa = XCConfigurationList;
			buildConfigurations = (
				3E4B71DC22A90AFD00172535 /* Debug */,
				3E4B71DD22A90AFD00172535 /* Release */,
			);
			defaultConfigurationIsVisible = 0;
			defaultConfigurationName = Release;
		};
		3E4B71DE22A90AFD00172535 /* Build configuration list for PBXNativeTarget "Mitake Assignment" */ = {
			isa = XCConfigurationList;
			buildConfigurations = (
				3E4B71DF22A90AFD00172535 /* Debug */,
				3E4B71E022A90AFD00172535 /* Release */,
			);
			defaultConfigurationIsVisible = 0;
			defaultConfigurationName = Release;
		};
/* End XCConfigurationList section */
	};
	rootObject = 3E4B71C422A90AFC00172535 /* Project object */;
}
